
Microsoft Visual Studio Solution File, Format Version 12.00
# Visual Studio 15
VisualStudioVersion = 15.0.28307.271
MinimumVisualStudioVersion = 10.0.40219.1
Project("{8BC9CEB8-8B4A-11D0-8D11-00A0C91BC942}") = "Dashboard", "Dashboard\Dashboard.vcxproj", "{96589A65-B3A8-4E12-9EF1-3B4F99C06429}"
EndProject
Global
	GlobalSection(SolutionConfigurationPlatforms) = preSolution
		Debug|x64 = Debug|x64
		Debug|x86 = Debug|x86
		Release|x64 = Release|x64
		Release|x86 = Release|x86
	EndGlobalSection
	GlobalSection(ProjectConfigurationPlatforms) = postSolution
		{96589A65-B3A8-4E12-9EF1-3B4F99C06429}.Debug|x64.ActiveCfg = Debug|x64
		{96589A65-B3A8-4E12-9EF1-3B4F99C06429}.Debug|x64.Build.0 = Debug|x64
		{96589A65-B3A8-4E12-9EF1-3B4F99C06429}.Debug|x86.ActiveCfg = Debug|x64
		{96589A65-B3A8-4E12-9EF1-3B4F99C06429}.Debug|x86.Build.0 = Debug|x64
		{96589A65-B3A8-4E12-9EF1-3B4F99C06429}.Release|x64.ActiveCfg = Release|x64
		{96589A65-B3A8-4E12-9EF1-3B4F99C06429}.Release|x64.Build.0 = Release|x64
		{96589A65-B3A8-4E12-9EF1-3B4F99C06429}.Release|x86.ActiveCfg = Release|Win32
		{96589A65-B3A8-4E12-9EF1-3B4F99C06429}.Release|x86.Build.0 = Release|Win32
	EndGlobalSection
	GlobalSection(SolutionProperties) = preSolution
		HideSolutionNode = FALSE
	EndGlobalSection
	GlobalSection(ExtensibilityGlobals) = postSolution
		SolutionGuid = {C55A509C-3145-4AD9-8816-2928130964D5}
	EndGlobalSection
EndGlobal
